
Microsoft Visual Studio Solution File, Format Version 12.00
# Visual Studio Version 16
VisualStudioVersion = 16.0.31515.178
MinimumVisualStudioVersion = 10.0.40219.1
Project("{FAE04EC0-301F-11D3-BF4B-00C04F79EFBC}") = "_01_Generics", "_01_Generics\_01_Generics.csproj", "{91474744-DB42-40DE-8353-0345805E8B76}"
EndProject
Project("{FAE04EC0-301F-11D3-BF4B-00C04F79EFBC}") = "_02_VarAndDynamic", "_02_VarAndDynamic\_02_VarAndDynamic.csproj", "{00DCEA64-6867-4135-AE85-106D2D331DA7}"
EndProject
Project("{FAE04EC0-301F-11D3-BF4B-00C04F79EFBC}") = "_03_ExtensionMethods", "_03_ExtensionMethods\_03_ExtensionMethods.csproj", "{45739A43-FE8F-46FB-9A72-3F69E45EF672}"
EndProject
Global
	GlobalSection(SolutionConfigurationPlatforms) = preSolution
		Debug|Any CPU = Debug|Any CPU
		Release|Any CPU = Release|Any CPU
	EndGlobalSection
	GlobalSection(ProjectConfigurationPlatforms) = postSolution
		{91474744-DB42-40DE-8353-0345805E8B76}.Debug|Any CPU.ActiveCfg = Debug|Any CPU
		{91474744-DB42-40DE-8353-0345805E8B76}.Debug|Any CPU.Build.0 = Debug|Any CPU
		{91474744-DB42-40DE-8353-0345805E8B76}.Release|Any CPU.ActiveCfg = Release|Any CPU
		{91474744-DB42-40DE-8353-0345805E8B76}.Release|Any CPU.Build.0 = Release|Any CPU
		{00DCEA64-6867-4135-AE85-106D2D331DA7}.Debug|Any CPU.ActiveCfg = Debug|Any CPU
		{00DCEA64-6867-4135-AE85-106D2D331DA7}.Debug|Any CPU.Build.0 = Debug|Any CPU
		{00DCEA64-6867-4135-AE85-106D2D331DA7}.Release|Any CPU.ActiveCfg = Release|Any CPU
		{00DCEA64-6867-4135-AE85-106D2D331DA7}.Release|Any CPU.Build.0 = Release|Any CPU
		{45739A43-FE8F-46FB-9A72-3F69E45EF672}.Debug|Any CPU.ActiveCfg = Debug|Any CPU
		{45739A43-FE8F-46FB-9A72-3F69E45EF672}.Debug|Any CPU.Build.0 = Debug|Any CPU
		{45739A43-FE8F-46FB-9A72-3F69E45EF672}.Release|Any CPU.ActiveCfg = Release|Any CPU
		{45739A43-FE8F-46FB-9A72-3F69E45EF672}.Release|Any CPU.Build.0 = Release|Any CPU
	EndGlobalSection
	GlobalSection(SolutionProperties) = preSolution
		HideSolutionNode = FALSE
	EndGlobalSection
	GlobalSection(ExtensibilityGlobals) = postSolution
		SolutionGuid = {8BF6A0F9-3490-4620-95E2-0878F7690CCA}
	EndGlobalSection
EndGlobal
