
Microsoft Visual Studio Solution File, Format Version 12.00
# Visual Studio Version 16
VisualStudioVersion = 16.0.31515.178
MinimumVisualStudioVersion = 10.0.40219.1
Project("{FAE04EC0-301F-11D3-BF4B-00C04F79EFBC}") = "_01_Generics", "_01_Generics\_01_Generics.csproj", "{91474744-DB42-40DE-8353-0345805E8B76}"
EndProject
Global
	GlobalSection(SolutionConfigurationPlatforms) = preSolution
		Debug|Any CPU = Debug|Any CPU
		Release|Any CPU = Release|Any CPU
	EndGlobalSection
	GlobalSection(ProjectConfigurationPlatforms) = postSolution
		{91474744-DB42-40DE-8353-0345805E8B76}.Debug|Any CPU.ActiveCfg = Debug|Any CPU
		{91474744-DB42-40DE-8353-0345805E8B76}.Debug|Any CPU.Build.0 = Debug|Any CPU
		{91474744-DB42-40DE-8353-0345805E8B76}.Release|Any CPU.ActiveCfg = Release|Any CPU
		{91474744-DB42-40DE-8353-0345805E8B76}.Release|Any CPU.Build.0 = Release|Any CPU
	EndGlobalSection
	GlobalSection(SolutionProperties) = preSolution
		HideSolutionNode = FALSE
	EndGlobalSection
	GlobalSection(ExtensibilityGlobals) = postSolution
		SolutionGuid = {8BF6A0F9-3490-4620-95E2-0878F7690CCA}
	EndGlobalSection
EndGlobal
